
Microsoft Visual Studio Solution File, Format Version 11.00
# Visual Studio 2010
Project("{FAE04EC0-301F-11D3-BF4B-00C04F79EFBC}") = "3D-Space-Invaders", "3D-Space-Invaders\3D-Space-Invaders\3D-Space-Invaders.csproj", "{1E1034F3-7143-4725-BF6F-35BEEC0E4007}"
	ProjectSection(ProjectDependencies) = postProject
		{C69830A7-E73C-450F-91A6-AA72A25D7808} = {C69830A7-E73C-450F-91A6-AA72A25D7808}
		{04DE5FCC-D4E8-4BEF-95A5-79436274BEE6} = {04DE5FCC-D4E8-4BEF-95A5-79436274BEE6}
		{449D7BD6-D23F-4262-B96E-7C3E408D22F9} = {449D7BD6-D23F-4262-B96E-7C3E408D22F9}
	EndProjectSection
EndProject
Project("{FAE04EC0-301F-11D3-BF4B-00C04F79EFBC}") = "3D-Space-InvadersContent", "3D-Space-Invaders\3D-Space-InvadersContent\3D-Space-InvadersContent.contentproj", "{5861CA0D-B587-4BBD-A7F7-D07513FAFFAC}"
EndProject
Project("{FAE04EC0-301F-11D3-BF4B-00C04F79EFBC}") = "Game_Level", "Game_Level\Game_Level.csproj", "{79836D56-EE1E-45CF-B790-F1385EA36C71}"
EndProject
Project("{FAE04EC0-301F-11D3-BF4B-00C04F79EFBC}") = "Defence_Bunker", "Defence_Bunker\Defence_Bunker.csproj", "{7B309CCD-C994-4F89-A502-63FA0195210C}"
EndProject
Project("{FAE04EC0-301F-11D3-BF4B-00C04F79EFBC}") = "Character", "Character\Character.csproj", "{D9D837E8-F665-4DE7-8F37-2A7E50657D55}"
EndProject
Project("{FAE04EC0-301F-11D3-BF4B-00C04F79EFBC}") = "Cannon", "Cannon\Cannon.csproj", "{C69830A7-E73C-450F-91A6-AA72A25D7808}"
EndProject
Project("{FAE04EC0-301F-11D3-BF4B-00C04F79EFBC}") = "Alien", "Alien\Alien.csproj", "{449D7BD6-D23F-4262-B96E-7C3E408D22F9}"
EndProject
Project("{FAE04EC0-301F-11D3-BF4B-00C04F79EFBC}") = "Laser", "Laser\Laser.csproj", "{04DE5FCC-D4E8-4BEF-95A5-79436274BEE6}"
EndProject
Project("{FAE04EC0-301F-11D3-BF4B-00C04F79EFBC}") = "Animation_2D", "Animation_2D\Animation_2D.csproj", "{E419CEB7-A541-41D3-A8BB-35B7D4CE0901}"
EndProject
Project("{FAE04EC0-301F-11D3-BF4B-00C04F79EFBC}") = "HUD", "HUD\HUD.csproj", "{CFD71B63-0051-44D4-AD3A-38E9A19625C9}"
EndProject
Global
	GlobalSection(SolutionConfigurationPlatforms) = preSolution
		Debug|x86 = Debug|x86
		Release|x86 = Release|x86
	EndGlobalSection
	GlobalSection(ProjectConfigurationPlatforms) = postSolution
		{1E1034F3-7143-4725-BF6F-35BEEC0E4007}.Debug|x86.ActiveCfg = Debug|x86
		{1E1034F3-7143-4725-BF6F-35BEEC0E4007}.Debug|x86.Build.0 = Debug|x86
		{1E1034F3-7143-4725-BF6F-35BEEC0E4007}.Release|x86.ActiveCfg = Release|x86
		{1E1034F3-7143-4725-BF6F-35BEEC0E4007}.Release|x86.Build.0 = Release|x86
		{5861CA0D-B587-4BBD-A7F7-D07513FAFFAC}.Debug|x86.ActiveCfg = Debug|x86
		{5861CA0D-B587-4BBD-A7F7-D07513FAFFAC}.Release|x86.ActiveCfg = Release|x86
		{79836D56-EE1E-45CF-B790-F1385EA36C71}.Debug|x86.ActiveCfg = Debug|x86
		{79836D56-EE1E-45CF-B790-F1385EA36C71}.Debug|x86.Build.0 = Debug|x86
		{79836D56-EE1E-45CF-B790-F1385EA36C71}.Release|x86.ActiveCfg = Release|x86
		{79836D56-EE1E-45CF-B790-F1385EA36C71}.Release|x86.Build.0 = Release|x86
		{7B309CCD-C994-4F89-A502-63FA0195210C}.Debug|x86.ActiveCfg = Debug|x86
		{7B309CCD-C994-4F89-A502-63FA0195210C}.Debug|x86.Build.0 = Debug|x86
		{7B309CCD-C994-4F89-A502-63FA0195210C}.Release|x86.ActiveCfg = Release|x86
		{7B309CCD-C994-4F89-A502-63FA0195210C}.Release|x86.Build.0 = Release|x86
		{D9D837E8-F665-4DE7-8F37-2A7E50657D55}.Debug|x86.ActiveCfg = Debug|x86
		{D9D837E8-F665-4DE7-8F37-2A7E50657D55}.Debug|x86.Build.0 = Debug|x86
		{D9D837E8-F665-4DE7-8F37-2A7E50657D55}.Release|x86.ActiveCfg = Release|x86
		{D9D837E8-F665-4DE7-8F37-2A7E50657D55}.Release|x86.Build.0 = Release|x86
		{C69830A7-E73C-450F-91A6-AA72A25D7808}.Debug|x86.ActiveCfg = Debug|x86
		{C69830A7-E73C-450F-91A6-AA72A25D7808}.Debug|x86.Build.0 = Debug|x86
		{C69830A7-E73C-450F-91A6-AA72A25D7808}.Release|x86.ActiveCfg = Release|x86
		{C69830A7-E73C-450F-91A6-AA72A25D7808}.Release|x86.Build.0 = Release|x86
		{449D7BD6-D23F-4262-B96E-7C3E408D22F9}.Debug|x86.ActiveCfg = Debug|x86
		{449D7BD6-D23F-4262-B96E-7C3E408D22F9}.Debug|x86.Build.0 = Debug|x86
		{449D7BD6-D23F-4262-B96E-7C3E408D22F9}.Release|x86.ActiveCfg = Release|x86
		{449D7BD6-D23F-4262-B96E-7C3E408D22F9}.Release|x86.Build.0 = Release|x86
		{04DE5FCC-D4E8-4BEF-95A5-79436274BEE6}.Debug|x86.ActiveCfg = Debug|x86
		{04DE5FCC-D4E8-4BEF-95A5-79436274BEE6}.Debug|x86.Build.0 = Debug|x86
		{04DE5FCC-D4E8-4BEF-95A5-79436274BEE6}.Release|x86.ActiveCfg = Release|x86
		{04DE5FCC-D4E8-4BEF-95A5-79436274BEE6}.Release|x86.Build.0 = Release|x86
		{E419CEB7-A541-41D3-A8BB-35B7D4CE0901}.Debug|x86.ActiveCfg = Debug|x86
		{E419CEB7-A541-41D3-A8BB-35B7D4CE0901}.Debug|x86.Build.0 = Debug|x86
		{E419CEB7-A541-41D3-A8BB-35B7D4CE0901}.Release|x86.ActiveCfg = Release|x86
		{E419CEB7-A541-41D3-A8BB-35B7D4CE0901}.Release|x86.Build.0 = Release|x86
		{CFD71B63-0051-44D4-AD3A-38E9A19625C9}.Debug|x86.ActiveCfg = Debug|x86
		{CFD71B63-0051-44D4-AD3A-38E9A19625C9}.Debug|x86.Build.0 = Debug|x86
		{CFD71B63-0051-44D4-AD3A-38E9A19625C9}.Release|x86.ActiveCfg = Release|x86
		{CFD71B63-0051-44D4-AD3A-38E9A19625C9}.Release|x86.Build.0 = Release|x86
	EndGlobalSection
	GlobalSection(SolutionProperties) = preSolution
		HideSolutionNode = FALSE
	EndGlobalSection
EndGlobal
